// !$*UTF8*$!
{
	archiveVersion = 1;
	classes = {
	};
	objectVersion = 56;
	objects = {

/* Begin PBXBuildFile section */
		A10000000000000000000001 /* AIGlassesMicProbeApp.swift in Sources */ = {isa = PBXBuildFile; fileRef = A10000000000000000000011 /* AIGlassesMicProbeApp.swift */; };
		A10000000000000000000002 /* ContentView.swift in Sources */ = {isa = PBXBuildFile; fileRef = A10000000000000000000012 /* ContentView.swift */; };
		A10000000000000000000003 /* AudioRoutePolicy.swift in Sources */ = {isa = PBXBuildFile; fileRef = A10000000000000000000013 /* AudioRoutePolicy.swift */; };
		A10000000000000000000004 /* RecordingLifecycle.swift in Sources */ = {isa = PBXBuildFile; fileRef = A10000000000000000000014 /* RecordingLifecycle.swift */; };
		A10000000000000000000005 /* RecordingController.swift in Sources */ = {isa = PBXBuildFile; fileRef = A10000000000000000000015 /* RecordingController.swift */; };
		A10000000000000000000006 /* AudioRoutePolicyTests.swift in Sources */ = {isa = PBXBuildFile; fileRef = A10000000000000000000016 /* AudioRoutePolicyTests.swift */; };
		A10000000000000000000007 /* RecordingLifecycleTests.swift in Sources */ = {isa = PBXBuildFile; fileRef = A10000000000000000000017 /* RecordingLifecycleTests.swift */; };
		B20000000000000000000001 /* IOSModelPack.swift in Sources */ = {isa = PBXBuildFile; fileRef = B20000000000000000000011 /* IOSModelPack.swift */; };
		B20000000000000000000002 /* IOSModelPackTests.swift in Sources */ = {isa = PBXBuildFile; fileRef = B20000000000000000000012 /* IOSModelPackTests.swift */; };
		B20000000000000000000003 /* AIGlassesMemoryAssistantApp.swift in Sources */ = {isa = PBXBuildFile; fileRef = B20000000000000000000013 /* AIGlassesMemoryAssistantApp.swift */; };
		B20000000000000000000004 /* AssistantAudioController.swift in Sources */ = {isa = PBXBuildFile; fileRef = B20000000000000000000014 /* AssistantAudioController.swift */; };
		B20000000000000000000005 /* RuntimeSettings.swift in Sources */ = {isa = PBXBuildFile; fileRef = B20000000000000000000015 /* RuntimeSettings.swift */; };
		B20000000000000000000006 /* EmbeddedPythonRuntime.swift in Sources */ = {isa = PBXBuildFile; fileRef = B20000000000000000000016 /* EmbeddedPythonRuntime.swift */; };
		B20000000000000000000007 /* AssistantRootView.swift in Sources */ = {isa = PBXBuildFile; fileRef = B20000000000000000000017 /* AssistantRootView.swift */; };
		B20000000000000000000008 /* IOSModelPack.swift in Sources */ = {isa = PBXBuildFile; fileRef = B20000000000000000000011 /* IOSModelPack.swift */; };
		B20000000000000000000009 /* LocalAssistantCore.swift in Sources */ = {isa = PBXBuildFile; fileRef = B20000000000000000000020 /* LocalAssistantCore.swift */; };
		B20000000000000000000010 /* DiagnosticBundle.swift in Sources */ = {isa = PBXBuildFile; fileRef = B20000000000000000000021 /* DiagnosticBundle.swift */; };
		B20000000000000000000090 /* LocalAssistantRuntime.swift in Sources */ = {isa = PBXBuildFile; fileRef = B20000000000000000000022 /* LocalAssistantRuntime.swift */; };
		B20000000000000000000091 /* LocalAssistantCore.swift in Sources */ = {isa = PBXBuildFile; fileRef = B20000000000000000000020 /* LocalAssistantCore.swift */; };
		B20000000000000000000092 /* DiagnosticBundle.swift in Sources */ = {isa = PBXBuildFile; fileRef = B20000000000000000000021 /* DiagnosticBundle.swift */; };
		B20000000000000000000093 /* LocalAssistantCoreTests.swift in Sources */ = {isa = PBXBuildFile; fileRef = B20000000000000000000023 /* LocalAssistantCoreTests.swift */; };
		B20000000000000000000095 /* SherpaRuntimeProbe.swift in Sources */ = {isa = PBXBuildFile; fileRef = B20000000000000000000094 /* SherpaRuntimeProbe.swift */; };
		B20000000000000000000097 /* sherpa-onnx.xcframework in Frameworks */ = {isa = PBXBuildFile; fileRef = B20000000000000000000096 /* sherpa-onnx.xcframework */; };
		B70000000000000000000001 /* onnxruntime.xcframework in Frameworks */ = {isa = PBXBuildFile; fileRef = B70000000000000000000011 /* onnxruntime.xcframework */; };
		B70000000000000000000002 /* onnxruntime.xcframework in Embed Frameworks */ = {isa = PBXBuildFile; fileRef = B70000000000000000000011 /* onnxruntime.xcframework */; settings = {ATTRIBUTES = (CodeSignOnCopy, RemoveHeadersOnCopy, ); }; };
		B30000000000000000000002 /* ShareSheet.swift in Sources */ = {isa = PBXBuildFile; fileRef = B30000000000000000000001 /* ShareSheet.swift */; };
		B40000000000000000000001 /* PythonRuntimeBridge.m in Sources */ = {isa = PBXBuildFile; fileRef = B40000000000000000000012 /* PythonRuntimeBridge.m */; };
		B40000000000000000000002 /* Python.xcframework in Frameworks */ = {isa = PBXBuildFile; fileRef = B40000000000000000000013 /* Python.xcframework */; };
		B40000000000000000000003 /* Python.xcframework in Embed Frameworks */ = {isa = PBXBuildFile; fileRef = B40000000000000000000013 /* Python.xcframework */; settings = {ATTRIBUTES = (CodeSignOnCopy, RemoveHeadersOnCopy, ); }; };
		B50000000000000000000001 /* IOSNativeBridge.swift in Sources */ = {isa = PBXBuildFile; fileRef = B50000000000000000000011 /* IOSNativeBridge.swift */; };
		B60000000000000000000001 /* SherpaModelAdapters.swift in Sources */ = {isa = PBXBuildFile; fileRef = B60000000000000000000011 /* SherpaModelAdapters.swift */; };
		B60000000000000000000002 /* ModelPipeline.swift in Sources */ = {isa = PBXBuildFile; fileRef = B60000000000000000000012 /* ModelPipeline.swift */; };
		B60000000000000000000003 /* AudioInputProber.swift in Sources */ = {isa = PBXBuildFile; fileRef = B60000000000000000000013 /* AudioInputProber.swift */; };
		B60000000000000000000004 /* OfflineAudioTester.swift in Sources */ = {isa = PBXBuildFile; fileRef = B60000000000000000000014 /* OfflineAudioTester.swift */; };
/* End PBXBuildFile section */

/* Begin PBXCopyFilesBuildPhase section */
		B40000000000000000000021 /* Embed Frameworks */ = {
			isa = PBXCopyFilesBuildPhase;
			buildActionMask = 2147483647;
			dstPath = "";
			dstSubfolderSpec = 10;
			files = (
				B70000000000000000000002 /* onnxruntime.xcframework in Embed Frameworks */,
				B40000000000000000000003 /* Python.xcframework in Embed Frameworks */,
			);
			name = "Embed Frameworks";
			runOnlyForDeploymentPostprocessing = 0;
		};
/* End PBXCopyFilesBuildPhase section */

/* Begin PBXContainerItemProxy section */
		A10000000000000000000082 /* PBXContainerItemProxy */ = {
			isa = PBXContainerItemProxy;
			containerPortal = A10000000000000000000091 /* Project object */;
			proxyType = 1;
			remoteGlobalIDString = A10000000000000000000051;
			remoteInfo = AIGlassesMicProbe;
		};
/* End PBXContainerItemProxy section */

/* Begin PBXFileReference section */
		A10000000000000000000011 /* AIGlassesMicProbeApp.swift */ = {isa = PBXFileReference; lastKnownFileType = sourcecode.swift; path = AIGlassesMicProbeApp.swift; sourceTree = "<group>"; };
		A10000000000000000000012 /* ContentView.swift */ = {isa = PBXFileReference; lastKnownFileType = sourcecode.swift; path = ContentView.swift; sourceTree = "<group>"; };
		A10000000000000000000013 /* AudioRoutePolicy.swift */ = {isa = PBXFileReference; lastKnownFileType = sourcecode.swift; path = AudioRoutePolicy.swift; sourceTree = "<group>"; };
		A10000000000000000000014 /* RecordingLifecycle.swift */ = {isa = PBXFileReference; lastKnownFileType = sourcecode.swift; path = RecordingLifecycle.swift; sourceTree = "<group>"; };
		A10000000000000000000015 /* RecordingController.swift */ = {isa = PBXFileReference; lastKnownFileType = sourcecode.swift; path = RecordingController.swift; sourceTree = "<group>"; };
		A10000000000000000000016 /* AudioRoutePolicyTests.swift */ = {isa = PBXFileReference; lastKnownFileType = sourcecode.swift; path = AudioRoutePolicyTests.swift; sourceTree = "<group>"; };
		A10000000000000000000017 /* RecordingLifecycleTests.swift */ = {isa = PBXFileReference; lastKnownFileType = sourcecode.swift; path = RecordingLifecycleTests.swift; sourceTree = "<group>"; };
		A10000000000000000000018 /* Info.plist */ = {isa = PBXFileReference; lastKnownFileType = text.plist.xml; path = Info.plist; sourceTree = "<group>"; };
		A10000000000000000000019 /* AIGlassesMicProbe.app */ = {isa = PBXFileReference; explicitFileType = wrapper.application; includeInIndex = 0; path = AIGlassesMicProbe.app; sourceTree = BUILT_PRODUCTS_DIR; };
		A10000000000000000000020 /* AIGlassesMicProbeTests.xctest */ = {isa = PBXFileReference; explicitFileType = wrapper.cfbundle; includeInIndex = 0; path = AIGlassesMicProbeTests.xctest; sourceTree = BUILT_PRODUCTS_DIR; };
		B20000000000000000000011 /* IOSModelPack.swift */ = {isa = PBXFileReference; lastKnownFileType = sourcecode.swift; path = IOSModelPack.swift; sourceTree = "<group>"; };
		B20000000000000000000012 /* IOSModelPackTests.swift */ = {isa = PBXFileReference; lastKnownFileType = sourcecode.swift; path = IOSModelPackTests.swift; sourceTree = "<group>"; };
		B20000000000000000000013 /* AIGlassesMemoryAssistantApp.swift */ = {isa = PBXFileReference; lastKnownFileType = sourcecode.swift; path = AIGlassesMemoryAssistantApp.swift; sourceTree = "<group>"; };
		B20000000000000000000014 /* AssistantAudioController.swift */ = {isa = PBXFileReference; lastKnownFileType = sourcecode.swift; path = AssistantAudioController.swift; sourceTree = "<group>"; };
		B20000000000000000000015 /* RuntimeSettings.swift */ = {isa = PBXFileReference; lastKnownFileType = sourcecode.swift; path = RuntimeSettings.swift; sourceTree = "<group>"; };
		B20000000000000000000016 /* EmbeddedPythonRuntime.swift */ = {isa = PBXFileReference; lastKnownFileType = sourcecode.swift; path = EmbeddedPythonRuntime.swift; sourceTree = "<group>"; };
		B20000000000000000000017 /* AssistantRootView.swift */ = {isa = PBXFileReference; lastKnownFileType = sourcecode.swift; path = AssistantRootView.swift; sourceTree = "<group>"; };
		B20000000000000000000018 /* Info.plist */ = {isa = PBXFileReference; lastKnownFileType = text.plist.xml; path = Info.plist; sourceTree = "<group>"; };
		B20000000000000000000019 /* AIGlassesMemoryAssistant.app */ = {isa = PBXFileReference; explicitFileType = wrapper.application; includeInIndex = 0; path = AIGlassesMemoryAssistant.app; sourceTree = BUILT_PRODUCTS_DIR; };
		B20000000000000000000020 /* LocalAssistantCore.swift */ = {isa = PBXFileReference; lastKnownFileType = sourcecode.swift; path = LocalAssistantCore.swift; sourceTree = "<group>"; };
		B20000000000000000000021 /* DiagnosticBundle.swift */ = {isa = PBXFileReference; lastKnownFileType = sourcecode.swift; path = DiagnosticBundle.swift; sourceTree = "<group>"; };
		B20000000000000000000022 /* LocalAssistantRuntime.swift */ = {isa = PBXFileReference; lastKnownFileType = sourcecode.swift; path = LocalAssistantRuntime.swift; sourceTree = "<group>"; };
		B20000000000000000000023 /* LocalAssistantCoreTests.swift */ = {isa = PBXFileReference; lastKnownFileType = sourcecode.swift; path = LocalAssistantCoreTests.swift; sourceTree = "<group>"; };
		B20000000000000000000094 /* SherpaRuntimeProbe.swift */ = {isa = PBXFileReference; lastKnownFileType = sourcecode.swift; path = SherpaRuntimeProbe.swift; sourceTree = "<group>"; };
		B20000000000000000000096 /* sherpa-onnx.xcframework */ = {isa = PBXFileReference; lastKnownFileType = wrapper.xcframework; name = "sherpa-onnx.xcframework"; path = "../.deps/sherpa-onnx.xcframework"; sourceTree = SOURCE_ROOT; };
		B30000000000000000000001 /* ShareSheet.swift */ = {isa = PBXFileReference; lastKnownFileType = sourcecode.swift; path = ShareSheet.swift; sourceTree = "<group>"; };
		B40000000000000000000011 /* PythonRuntimeBridge.h */ = {isa = PBXFileReference; lastKnownFileType = sourcecode.c.h; path = PythonRuntimeBridge.h; sourceTree = "<group>"; };
		B40000000000000000000012 /* PythonRuntimeBridge.m */ = {isa = PBXFileReference; lastKnownFileType = sourcecode.c.objc; path = PythonRuntimeBridge.m; sourceTree = "<group>"; };
		B40000000000000000000013 /* Python.xcframework */ = {isa = PBXFileReference; lastKnownFileType = wrapper.xcframework; name = "Python.xcframework"; path = "../.deps/Python.xcframework"; sourceTree = SOURCE_ROOT; };
		B50000000000000000000011 /* IOSNativeBridge.swift */ = {isa = PBXFileReference; lastKnownFileType = sourcecode.swift; path = IOSNativeBridge.swift; sourceTree = "<group>"; };
		B60000000000000000000011 /* SherpaModelAdapters.swift */ = {isa = PBXFileReference; lastKnownFileType = sourcecode.swift; path = SherpaModelAdapters.swift; sourceTree = "<group>"; };
		B60000000000000000000012 /* ModelPipeline.swift */ = {isa = PBXFileReference; lastKnownFileType = sourcecode.swift; path = ModelPipeline.swift; sourceTree = "<group>"; };
		B60000000000000000000013 /* AudioInputProber.swift */ = {isa = PBXFileReference; lastKnownFileType = sourcecode.swift; path = AudioInputProber.swift; sourceTree = "<group>"; };
		B60000000000000000000014 /* OfflineAudioTester.swift */ = {isa = PBXFileReference; lastKnownFileType = sourcecode.swift; path = OfflineAudioTester.swift; sourceTree = "<group>"; };
		B70000000000000000000011 /* onnxruntime.xcframework */ = {isa = PBXFileReference; lastKnownFileType = wrapper.xcframework; name = "onnxruntime.xcframework"; path = "../.deps/onnxruntime.xcframework"; sourceTree = SOURCE_ROOT; };
/* End PBXFileReference section */

/* Begin PBXFrameworksBuildPhase section */
		A10000000000000000000031 /* Frameworks */ = {
			isa = PBXFrameworksBuildPhase;
			buildActionMask = 2147483647;
			files = (
			);
			runOnlyForDeploymentPostprocessing = 0;
		};
		A10000000000000000000032 /* Frameworks */ = {
			isa = PBXFrameworksBuildPhase;
			buildActionMask = 2147483647;
			files = (
			);
			runOnlyForDeploymentPostprocessing = 0;
		};
		B20000000000000000000098 /* Frameworks */ = {
			isa = PBXFrameworksBuildPhase;
			buildActionMask = 2147483647;
			files = (
				B20000000000000000000097 /* sherpa-onnx.xcframework in Frameworks */,
				B70000000000000000000001 /* onnxruntime.xcframework in Frameworks */,
				B40000000000000000000002 /* Python.xcframework in Frameworks */,
			);
			runOnlyForDeploymentPostprocessing = 0;
		};
/* End PBXFrameworksBuildPhase section */

/* Begin PBXGroup section */
		5114135A3019EFF200FF9D32 /* Recovered References */ = {
			isa = PBXGroup;
			children = (
				B20000000000000000000096 /* sherpa-onnx.xcframework */,
				B70000000000000000000011 /* onnxruntime.xcframework */,
				B40000000000000000000013 /* Python.xcframework */,
			);
			name = "Recovered References";
			sourceTree = "<group>";
		};
		A10000000000000000000041 = {
			isa = PBXGroup;
			children = (
				A10000000000000000000042 /* AIGlassesMicProbe */,
				A10000000000000000000043 /* AIGlassesMicProbeTests */,
				B20000000000000000000041 /* SharedIOSCore */,
				B20000000000000000000042 /* AIGlassesMemoryAssistant */,
				A10000000000000000000044 /* Products */,
				5114135A3019EFF200FF9D32 /* Recovered References */,
			);
			sourceTree = "<group>";
		};
		A10000000000000000000042 /* AIGlassesMicProbe */ = {
			isa = PBXGroup;
			children = (
				A10000000000000000000011 /* AIGlassesMicProbeApp.swift */,
				A10000000000000000000012 /* ContentView.swift */,
				A10000000000000000000013 /* AudioRoutePolicy.swift */,
				A10000000000000000000014 /* RecordingLifecycle.swift */,
				A10000000000000000000015 /* RecordingController.swift */,
				A10000000000000000000018 /* Info.plist */,
			);
			path = AIGlassesMicProbe;
			sourceTree = "<group>";
		};
		A10000000000000000000043 /* AIGlassesMicProbeTests */ = {
			isa = PBXGroup;
			children = (
				A10000000000000000000016 /* AudioRoutePolicyTests.swift */,
				A10000000000000000000017 /* RecordingLifecycleTests.swift */,
				B20000000000000000000012 /* IOSModelPackTests.swift */,
				B20000000000000000000023 /* LocalAssistantCoreTests.swift */,
			);
			path = AIGlassesMicProbeTests;
			sourceTree = "<group>";
		};
		A10000000000000000000044 /* Products */ = {
			isa = PBXGroup;
			children = (
				A10000000000000000000019 /* AIGlassesMicProbe.app */,
				A10000000000000000000020 /* AIGlassesMicProbeTests.xctest */,
				B20000000000000000000019 /* AIGlassesMemoryAssistant.app */,
			);
			name = Products;
			sourceTree = "<group>";
		};
		B20000000000000000000041 /* SharedIOSCore */ = {
			isa = PBXGroup;
			children = (
				B20000000000000000000011 /* IOSModelPack.swift */,
				B20000000000000000000020 /* LocalAssistantCore.swift */,
				B20000000000000000000021 /* DiagnosticBundle.swift */,
			);
			path = SharedIOSCore;
			sourceTree = "<group>";
		};
		B20000000000000000000042 /* AIGlassesMemoryAssistant */ = {
			isa = PBXGroup;
			children = (
				B20000000000000000000013 /* AIGlassesMemoryAssistantApp.swift */,
				B20000000000000000000014 /* AssistantAudioController.swift */,
				B20000000000000000000015 /* RuntimeSettings.swift */,
				B20000000000000000000016 /* EmbeddedPythonRuntime.swift */,
				B20000000000000000000017 /* AssistantRootView.swift */,
				B20000000000000000000022 /* LocalAssistantRuntime.swift */,
				B20000000000000000000094 /* SherpaRuntimeProbe.swift */,
				B30000000000000000000001 /* ShareSheet.swift */,
				B40000000000000000000011 /* PythonRuntimeBridge.h */,
				B40000000000000000000012 /* PythonRuntimeBridge.m */,
				B50000000000000000000011 /* IOSNativeBridge.swift */,
				B60000000000000000000011 /* SherpaModelAdapters.swift */,
				B60000000000000000000012 /* ModelPipeline.swift */,
				B60000000000000000000013 /* AudioInputProber.swift */,
				B60000000000000000000014 /* OfflineAudioTester.swift */,
				B20000000000000000000018 /* Info.plist */,
			);
			path = AIGlassesMemoryAssistant;
			sourceTree = "<group>";
		};
/* End PBXGroup section */

/* Begin PBXNativeTarget section */
		A10000000000000000000051 /* AIGlassesMicProbe */ = {
			isa = PBXNativeTarget;
			buildConfigurationList = A10000000000000000000061 /* Build configuration list for PBXNativeTarget "AIGlassesMicProbe" */;
			buildPhases = (
				A10000000000000000000071 /* Sources */,
				A10000000000000000000031 /* Frameworks */,
			);
			buildRules = (
			);
			dependencies = (
			);
			name = AIGlassesMicProbe;
			productName = AIGlassesMicProbe;
			productReference = A10000000000000000000019 /* AIGlassesMicProbe.app */;
			productType = "com.apple.product-type.application";
		};
		A10000000000000000000052 /* AIGlassesMicProbeTests */ = {
			isa = PBXNativeTarget;
			buildConfigurationList = A10000000000000000000062 /* Build configuration list for PBXNativeTarget "AIGlassesMicProbeTests" */;
			buildPhases = (
				A10000000000000000000072 /* Sources */,
				A10000000000000000000032 /* Frameworks */,
			);
			buildRules = (
			);
			dependencies = (
				A10000000000000000000081 /* PBXTargetDependency */,
			);
			name = AIGlassesMicProbeTests;
			productName = AIGlassesMicProbeTests;
			productReference = A10000000000000000000020 /* AIGlassesMicProbeTests.xctest */;
			productType = "com.apple.product-type.bundle.unit-test";
		};
		B20000000000000000000051 /* AIGlassesMemoryAssistant */ = {
			isa = PBXNativeTarget;
			buildConfigurationList = B20000000000000000000061 /* Build configuration list for PBXNativeTarget "AIGlassesMemoryAssistant" */;
			buildPhases = (
				B20000000000000000000071 /* Sources */,
				B20000000000000000000099 /* Copy local model pack */,
				B20000000000000000000098 /* Frameworks */,
				B40000000000000000000021 /* Embed Frameworks */,
			);
			buildRules = (
			);
			dependencies = (
			);
			name = AIGlassesMemoryAssistant;
			productName = AIGlassesMemoryAssistant;
			productReference = B20000000000000000000019 /* AIGlassesMemoryAssistant.app */;
			productType = "com.apple.product-type.application";
		};
/* End PBXNativeTarget section */

/* Begin PBXProject section */
		A10000000000000000000091 /* Project object */ = {
			isa = PBXProject;
			attributes = {
				BuildIndependentTargetsInParallel = 1;
				LastSwiftUpdateCheck = 1600;
				TargetAttributes = {
					A10000000000000000000051 = {
						CreatedOnToolsVersion = 16.0;
					};
					A10000000000000000000052 = {
						CreatedOnToolsVersion = 16.0;
						TestTargetID = A10000000000000000000051;
					};
				};
			};
			buildConfigurationList = A10000000000000000000063 /* Build configuration list for PBXProject "AIGlassesMicProbe" */;
			compatibilityVersion = "Xcode 14.0";
			developmentRegion = en;
			hasScannedForEncodings = 0;
			knownRegions = (
				en,
				Base,
				"zh-Hans",
			);
			mainGroup = A10000000000000000000041;
			productRefGroup = A10000000000000000000044 /* Products */;
			projectDirPath = "";
			projectRoot = "";
			targets = (
				A10000000000000000000051 /* AIGlassesMicProbe */,
				A10000000000000000000052 /* AIGlassesMicProbeTests */,
				B20000000000000000000051 /* AIGlassesMemoryAssistant */,
			);
		};
/* End PBXProject section */

/* Begin PBXShellScriptBuildPhase section */
		B20000000000000000000099 /* Copy local model pack */ = {
			isa = PBXShellScriptBuildPhase;
			alwaysOutOfDate = 1;
			buildActionMask = 2147483647;
			files = (
			);
			inputPaths = (
			);
			name = "Copy local model pack";
			outputPaths = (
			);
			runOnlyForDeploymentPostprocessing = 0;
			shellPath = /bin/sh;
			shellScript = "pack=\"${SRCROOT}/../.local-models/x4000-sherpa-1.13.4-v2\"\ndestination=\"${TARGET_BUILD_DIR}/${UNLOCALIZED_RESOURCES_FOLDER_PATH}/Models\"\nrm -rf \"$destination\"\nmkdir -p \"$destination\"\nditto \"$pack\" \"$destination\"\nweb_source=\"${SRCROOT}/../../static\"\nweb_destination=\"${TARGET_BUILD_DIR}/${UNLOCALIZED_RESOURCES_FOLDER_PATH}/Web\"\nrm -rf \"$web_destination\"\nmkdir -p \"$web_destination/static\"\nditto \"$web_source\" \"$web_destination/static\"\nsed 's|\"/static/|\"static/|g' \"$web_source/index.html\" > \"$web_destination/index.html\"\npython_support=\"${SRCROOT}/../.deps/Python.xcframework/ios-arm64\"\npython_destination=\"${TARGET_BUILD_DIR}/${UNLOCALIZED_RESOURCES_FOLDER_PATH}/PythonRuntime\"\nrm -rf \"$python_destination\"\nmkdir -p \"$python_destination/lib\" \"$python_destination/python\"\nif [ -d \"$python_support/lib-arm64/python3.11\" ]; then\n  ditto \"$python_support/lib-arm64/python3.11\" \"$python_destination/lib/python3.11\"\nfi\nif [ -d \"${SRCROOT}/../../ai_glasses_memory_assistant\" ]; then\n  ditto \"${SRCROOT}/../../ai_glasses_memory_assistant\" \"$python_destination/python/ai_glasses_memory_assistant\"\nfi\n";
		};
/* End PBXShellScriptBuildPhase section */

/* Begin PBXSourcesBuildPhase section */
		A10000000000000000000071 /* Sources */ = {
			isa = PBXSourcesBuildPhase;
			buildActionMask = 2147483647;
			files = (
				A10000000000000000000001 /* AIGlassesMicProbeApp.swift in Sources */,
				A10000000000000000000002 /* ContentView.swift in Sources */,
				A10000000000000000000003 /* AudioRoutePolicy.swift in Sources */,
				A10000000000000000000004 /* RecordingLifecycle.swift in Sources */,
				A10000000000000000000005 /* RecordingController.swift in Sources */,
				B20000000000000000000001 /* IOSModelPack.swift in Sources */,
				B20000000000000000000091 /* LocalAssistantCore.swift in Sources */,
				B20000000000000000000092 /* DiagnosticBundle.swift in Sources */,
			);
			runOnlyForDeploymentPostprocessing = 0;
		};
		A10000000000000000000072 /* Sources */ = {
			isa = PBXSourcesBuildPhase;
			buildActionMask = 2147483647;
			files = (
				A10000000000000000000006 /* AudioRoutePolicyTests.swift in Sources */,
				A10000000000000000000007 /* RecordingLifecycleTests.swift in Sources */,
				B20000000000000000000002 /* IOSModelPackTests.swift in Sources */,
				B20000000000000000000093 /* LocalAssistantCoreTests.swift in Sources */,
			);
			runOnlyForDeploymentPostprocessing = 0;
		};
		B20000000000000000000071 /* Sources */ = {
			isa = PBXSourcesBuildPhase;
			buildActionMask = 2147483647;
			files = (
				B20000000000000000000003 /* AIGlassesMemoryAssistantApp.swift in Sources */,
				B20000000000000000000004 /* AssistantAudioController.swift in Sources */,
				B20000000000000000000005 /* RuntimeSettings.swift in Sources */,
				B20000000000000000000006 /* EmbeddedPythonRuntime.swift in Sources */,
				B20000000000000000000007 /* AssistantRootView.swift in Sources */,
				B20000000000000000000008 /* IOSModelPack.swift in Sources */,
				B20000000000000000000009 /* LocalAssistantCore.swift in Sources */,
				B20000000000000000000010 /* DiagnosticBundle.swift in Sources */,
				B20000000000000000000090 /* LocalAssistantRuntime.swift in Sources */,
				B20000000000000000000095 /* SherpaRuntimeProbe.swift in Sources */,
				B30000000000000000000002 /* ShareSheet.swift in Sources */,
				B40000000000000000000001 /* PythonRuntimeBridge.m in Sources */,
				B50000000000000000000001 /* IOSNativeBridge.swift in Sources */,
				B60000000000000000000001 /* SherpaModelAdapters.swift in Sources */,
				B60000000000000000000002 /* ModelPipeline.swift in Sources */,
				B60000000000000000000003 /* AudioInputProber.swift in Sources */,
				B60000000000000000000004 /* OfflineAudioTester.swift in Sources */,
			);
			runOnlyForDeploymentPostprocessing = 0;
		};
/* End PBXSourcesBuildPhase section */

/* Begin PBXTargetDependency section */
		A10000000000000000000081 /* PBXTargetDependency */ = {
			isa = PBXTargetDependency;
			target = A10000000000000000000051 /* AIGlassesMicProbe */;
			targetProxy = A10000000000000000000082 /* PBXContainerItemProxy */;
		};
/* End PBXTargetDependency section */

/* Begin XCBuildConfiguration section */
		A10000000000000000000101 /* Debug */ = {
			isa = XCBuildConfiguration;
			buildSettings = {
				CLANG_ENABLE_MODULES = YES;
				SWIFT_VERSION = 5.0;
			};
			name = Debug;
		};
		A10000000000000000000102 /* Release */ = {
			isa = XCBuildConfiguration;
			buildSettings = {
				CLANG_ENABLE_MODULES = YES;
				SWIFT_COMPILATION_MODE = wholemodule;
				SWIFT_OPTIMIZATION_LEVEL = "-O";
				SWIFT_VERSION = 5.0;
			};
			name = Release;
		};
		A10000000000000000000103 /* Debug */ = {
			isa = XCBuildConfiguration;
			buildSettings = {
				CODE_SIGN_STYLE = Automatic;
				CURRENT_PROJECT_VERSION = 1;
				GENERATE_INFOPLIST_FILE = NO;
				INFOPLIST_FILE = AIGlassesMicProbe/Info.plist;
				IPHONEOS_DEPLOYMENT_TARGET = 16.0;
				LD_RUNPATH_SEARCH_PATHS = (
					"$(inherited)",
					"@executable_path/Frameworks",
				);
				MARKETING_VERSION = 1.0;
				OTHER_LDFLAGS = (
					"$(inherited)",
					"-lsqlite3",
				);
				PRODUCT_BUNDLE_IDENTIFIER = com.aiglasses.memoryassistant.micprobe;
				PRODUCT_NAME = "$(TARGET_NAME)";
				SDKROOT = iphoneos;
				TARGETED_DEVICE_FAMILY = "1,2";
			};
			name = Debug;
		};
		A10000000000000000000104 /* Release */ = {
			isa = XCBuildConfiguration;
			buildSettings = {
				CODE_SIGN_STYLE = Automatic;
				CURRENT_PROJECT_VERSION = 1;
				GENERATE_INFOPLIST_FILE = NO;
				INFOPLIST_FILE = AIGlassesMicProbe/Info.plist;
				IPHONEOS_DEPLOYMENT_TARGET = 16.0;
				LD_RUNPATH_SEARCH_PATHS = (
					"$(inherited)",
					"@executable_path/Frameworks",
				);
				MARKETING_VERSION = 1.0;
				OTHER_LDFLAGS = (
					"$(inherited)",
					"-lsqlite3",
				);
				PRODUCT_BUNDLE_IDENTIFIER = com.aiglasses.memoryassistant.micprobe;
				PRODUCT_NAME = "$(TARGET_NAME)";
				SDKROOT = iphoneos;
				SWIFT_COMPILATION_MODE = wholemodule;
				SWIFT_OPTIMIZATION_LEVEL = "-O";
				TARGETED_DEVICE_FAMILY = "1,2";
			};
			name = Release;
		};
		A10000000000000000000105 /* Debug */ = {
			isa = XCBuildConfiguration;
			buildSettings = {
				BUNDLE_LOADER = "$(TEST_HOST)";
				CODE_SIGN_STYLE = Automatic;
				GENERATE_INFOPLIST_FILE = YES;
				IPHONEOS_DEPLOYMENT_TARGET = 16.0;
				PRODUCT_BUNDLE_IDENTIFIER = com.aiglasses.memoryassistant.micprobe.tests;
				PRODUCT_NAME = AIGlassesMicProbeTests;
				SDKROOT = iphoneos;
				TEST_HOST = "$(BUILT_PRODUCTS_DIR)/AIGlassesMicProbe.app/$(BUNDLE_EXECUTABLE_FOLDER_PATH)/AIGlassesMicProbe";
			};
			name = Debug;
		};
		A10000000000000000000106 /* Release */ = {
			isa = XCBuildConfiguration;
			buildSettings = {
				BUNDLE_LOADER = "$(TEST_HOST)";
				CODE_SIGN_STYLE = Automatic;
				GENERATE_INFOPLIST_FILE = YES;
				IPHONEOS_DEPLOYMENT_TARGET = 16.0;
				PRODUCT_BUNDLE_IDENTIFIER = com.aiglasses.memoryassistant.micprobe.tests;
				PRODUCT_NAME = AIGlassesMicProbeTests;
				SDKROOT = iphoneos;
				TEST_HOST = "$(BUILT_PRODUCTS_DIR)/AIGlassesMicProbe.app/$(BUNDLE_EXECUTABLE_FOLDER_PATH)/AIGlassesMicProbe";
			};
			name = Release;
		};
		B20000000000000000000103 /* Debug */ = {
			isa = XCBuildConfiguration;
			buildSettings = {
				CODE_SIGN_STYLE = Automatic;
				CLANG_ENABLE_MODULES = YES;
				CURRENT_PROJECT_VERSION = 1;
				DEAD_CODE_STRIPPING = NO;
				DEVELOPMENT_TEAM = Y9R2Q3WM74;
				GENERATE_INFOPLIST_FILE = NO;
				INFOPLIST_FILE = AIGlassesMemoryAssistant/Info.plist;
				IPHONEOS_DEPLOYMENT_TARGET = 16.0;
				LD_RUNPATH_SEARCH_PATHS = (
					"$(inherited)",
					"@executable_path/Frameworks",
				);
				MARKETING_VERSION = 0.1;
				OTHER_LDFLAGS = (
					"$(inherited)",
					"-lsqlite3",
					"-lc++",
					"-framework",
					SwiftUI,
				);
				PRODUCT_BUNDLE_IDENTIFIER = com.aiglasses.memoryassistant.ios;
				PRODUCT_NAME = "$(TARGET_NAME)";
				SDKROOT = iphoneos;
				SWIFT_VERSION = 5.0;
				SWIFT_OBJC_BRIDGING_HEADER = AIGlassesMemoryAssistant/PythonRuntimeBridge.h;
				TARGETED_DEVICE_FAMILY = 1;
			};
			name = Debug;
		};
		B20000000000000000000104 /* Release */ = {
			isa = XCBuildConfiguration;
			buildSettings = {
				CODE_SIGN_STYLE = Automatic;
				CLANG_ENABLE_MODULES = YES;
				CURRENT_PROJECT_VERSION = 1;
				DEAD_CODE_STRIPPING = NO;
				DEVELOPMENT_TEAM = Y9R2Q3WM74;
				GENERATE_INFOPLIST_FILE = NO;
				INFOPLIST_FILE = AIGlassesMemoryAssistant/Info.plist;
				IPHONEOS_DEPLOYMENT_TARGET = 16.0;
				LD_RUNPATH_SEARCH_PATHS = (
					"$(inherited)",
					"@executable_path/Frameworks",
				);
				MARKETING_VERSION = 0.1;
				OTHER_LDFLAGS = (
					"$(inherited)",
					"-lsqlite3",
					"-lc++",
					"-framework",
					SwiftUI,
				);
				PRODUCT_BUNDLE_IDENTIFIER = com.aiglasses.memoryassistant.ios;
				PRODUCT_NAME = "$(TARGET_NAME)";
				SDKROOT = iphoneos;
				SWIFT_VERSION = 5.0;
				SWIFT_OBJC_BRIDGING_HEADER = AIGlassesMemoryAssistant/PythonRuntimeBridge.h;
				TARGETED_DEVICE_FAMILY = 1;
			};
			name = Release;
		};
/* End XCBuildConfiguration section */

/* Begin XCConfigurationList section */
		A10000000000000000000061 /* Build configuration list for PBXNativeTarget "AIGlassesMicProbe" */ = {
			isa = XCConfigurationList;
			buildConfigurations = (
				A10000000000000000000103 /* Debug */,
				A10000000000000000000104 /* Release */,
			);
			defaultConfigurationIsVisible = 0;
			defaultConfigurationName = Release;
		};
		A10000000000000000000062 /* Build configuration list for PBXNativeTarget "AIGlassesMicProbeTests" */ = {
			isa = XCConfigurationList;
			buildConfigurations = (
				A10000000000000000000105 /* Debug */,
				A10000000000000000000106 /* Release */,
			);
			defaultConfigurationIsVisible = 0;
			defaultConfigurationName = Release;
		};
		A10000000000000000000063 /* Build configuration list for PBXProject "AIGlassesMicProbe" */ = {
			isa = XCConfigurationList;
			buildConfigurations = (
				A10000000000000000000101 /* Debug */,
				A10000000000000000000102 /* Release */,
			);
			defaultConfigurationIsVisible = 0;
			defaultConfigurationName = Release;
		};
		B20000000000000000000061 /* Build configuration list for PBXNativeTarget "AIGlassesMemoryAssistant" */ = {
			isa = XCConfigurationList;
			buildConfigurations = (
				B20000000000000000000103 /* Debug */,
				B20000000000000000000104 /* Release */,
			);
			defaultConfigurationIsVisible = 0;
			defaultConfigurationName = Release;
		};
/* End XCConfigurationList section */
	};
	rootObject = A10000000000000000000091 /* Project object */;
}
